// !$*UTF8*$!
{
	archiveVersion = 1;
	classes = {
	};
	objectVersion = 46;
	objects = {

/* Begin PBXBuildFile section */
		856CACB3136711FC00F14532 /* UIKit.framework in Frameworks */ = {isa = PBXBuildFile; fileRef = 856CACB2136711FC00F14532 /* UIKit.framework */; };
		856CACB5136711FC00F14532 /* Foundation.framework in Frameworks */ = {isa = PBXBuildFile; fileRef = 856CACB4136711FC00F14532 /* Foundation.framework */; };
		856CACB7136711FC00F14532 /* CoreGraphics.framework in Frameworks */ = {isa = PBXBuildFile; fileRef = 856CACB6136711FC00F14532 /* CoreGraphics.framework */; };
		856CACBD136711FC00F14532 /* InfoPlist.strings in Resources */ = {isa = PBXBuildFile; fileRef = 856CACBB136711FC00F14532 /* InfoPlist.strings */; };
		856CACC0136711FC00F14532 /* main.m in Sources */ = {isa = PBXBuildFile; fileRef = 856CACBF136711FC00F14532 /* main.m */; };
		856CACC3136711FC00F14532 /* HelloWorld2AppDelegate.m in Sources */ = {isa = PBXBuildFile; fileRef = 856CACC2136711FC00F14532 /* HelloWorld2AppDelegate.m */; };
		856CACC6136711FD00F14532 /* MainWindow.xib in Resources */ = {isa = PBXBuildFile; fileRef = 856CACC4136711FD00F14532 /* MainWindow.xib */; };
		856CACC9136711FD00F14532 /* HelloWorld2ViewController.m in Sources */ = {isa = PBXBuildFile; fileRef = 856CACC8136711FD00F14532 /* HelloWorld2ViewController.m */; };
		856CACCC136711FD00F14532 /* HelloWorld2ViewController.xib in Resources */ = {isa = PBXBuildFile; fileRef = 856CACCA136711FD00F14532 /* HelloWorld2ViewController.xib */; };
/* End PBXBuildFile section */

/* Begin PBXFileReference section */
		856CACAE136711FC00F14532 /* HelloWorld2.app */ = {isa = PBXFileReference; explicitFileType = wrapper.application; includeInIndex = 0; path = HelloWorld2.app; sourceTree = BUILT_PRODUCTS_DIR; };
		856CACB2136711FC00F14532 /* UIKit.framework */ = {isa = PBXFileReference; lastKnownFileType = wrapper.framework; name = UIKit.framework; path = System/Library/Frameworks/UIKit.framework; sourceTree = SDKROOT; };
		856CACB4136711FC00F14532 /* Foundation.framework */ = {isa = PBXFileReference; lastKnownFileType = wrapper.framework; name = Foundation.framework; path = System/Library/Frameworks/Foundation.framework; sourceTree = SDKROOT; };
		856CACB6136711FC00F14532 /* CoreGraphics.framework */ = {isa = PBXFileReference; lastKnownFileType = wrapper.framework; name = CoreGraphics.framework; path = System/Library/Frameworks/CoreGraphics.framework; sourceTree = SDKROOT; };
		856CACBA136711FC00F14532 /* HelloWorld2-Info.plist */ = {isa = PBXFileReference; lastKnownFileType = text.plist.xml; path = "HelloWorld2-Info.plist"; sourceTree = "<group>"; };
		856CACBC136711FC00F14532 /* en */ = {isa = PBXFileReference; lastKnownFileType = text.plist.strings; name = en; path = en.lproj/InfoPlist.strings; sourceTree = "<group>"; };
		856CACBE136711FC00F14532 /* HelloWorld2-Prefix.pch */ = {isa = PBXFileReference; lastKnownFileType = sourcecode.c.h; path = "HelloWorld2-Prefix.pch"; sourceTree = "<group>"; };
		856CACBF136711FC00F14532 /* main.m */ = {isa = PBXFileReference; lastKnownFileType = sourcecode.c.objc; path = main.m; sourceTree = "<group>"; };
		856CACC1136711FC00F14532 /* HelloWorld2AppDelegate.h */ = {isa = PBXFileReference; lastKnownFileType = sourcecode.c.h; path = HelloWorld2AppDelegate.h; sourceTree = "<group>"; };
		856CACC2136711FC00F14532 /* HelloWorld2AppDelegate.m */ = {isa = PBXFileReference; lastKnownFileType = sourcecode.c.objc; path = HelloWorld2AppDelegate.m; sourceTree = "<group>"; };
		856CACC5136711FD00F14532 /* en */ = {isa = PBXFileReference; lastKnownFileType = file.xib; name = en; path = en.lproj/MainWindow.xib; sourceTree = "<group>"; };
		856CACC7136711FD00F14532 /* HelloWorld2ViewController.h */ = {isa = PBXFileReference; lastKnownFileType = sourcecode.c.h; path = HelloWorld2ViewController.h; sourceTree = "<group>"; };
		856CACC8136711FD00F14532 /* HelloWorld2ViewController.m */ = {isa = PBXFileReference; lastKnownFileType = sourcecode.c.objc; path = HelloWorld2ViewController.m; sourceTree = "<group>"; };
		856CACCB136711FD00F14532 /* en */ = {isa = PBXFileReference; lastKnownFileType = file.xib; name = en; path = en.lproj/HelloWorld2ViewController.xib; sourceTree = "<group>"; };
/* End PBXFileReference section */

/* Begin PBXFrameworksBuildPhase section */
		856CACAB136711FC00F14532 /* Frameworks */ = {
			isa = PBXFrameworksBuildPhase;
			buildActionMask = 2147483647;
			files = (
				856CACB3136711FC00F14532 /* UIKit.framework in Frameworks */,
				856CACB5136711FC00F14532 /* Foundation.framework in Frameworks */,
				856CACB7136711FC00F14532 /* CoreGraphics.framework in Frameworks */,
			);
			runOnlyForDeploymentPostprocessing = 0;
		};
/* End PBXFrameworksBuildPhase section */

/* Begin PBXGroup section */
		856CACA3136711FC00F14532 = {
			isa = PBXGroup;
			children = (
				856CACB8136711FC00F14532 /* HelloWorld2 */,
				856CACB1136711FC00F14532 /* Frameworks */,
				856CACAF136711FC00F14532 /* Products */,
			);
			sourceTree = "<group>";
		};
		856CACAF136711FC00F14532 /* Products */ = {
			isa = PBXGroup;
			children = (
				856CACAE136711FC00F14532 /* HelloWorld2.app */,
			);
			name = Products;
			sourceTree = "<group>";
		};
		856CACB1136711FC00F14532 /* Frameworks */ = {
			isa = PBXGroup;
			children = (
				856CACB2136711FC00F14532 /* UIKit.framework */,
				856CACB4136711FC00F14532 /* Foundation.framework */,
				856CACB6136711FC00F14532 /* CoreGraphics.framework */,
			);
			name = Frameworks;
			sourceTree = "<group>";
		};
		856CACB8136711FC00F14532 /* HelloWorld2 */ = {
			isa = PBXGroup;
			children = (
				856CACC1136711FC00F14532 /* HelloWorld2AppDelegate.h */,
				856CACC2136711FC00F14532 /* HelloWorld2AppDelegate.m */,
				856CACC4136711FD00F14532 /* MainWindow.xib */,
				856CACC7136711FD00F14532 /* HelloWorld2ViewController.h */,
				856CACC8136711FD00F14532 /* HelloWorld2ViewController.m */,
				856CACCA136711FD00F14532 /* HelloWorld2ViewController.xib */,
				856CACB9136711FC00F14532 /* Supporting Files */,
			);
			path = HelloWorld2;
			sourceTree = "<group>";
		};
		856CACB9136711FC00F14532 /* Supporting Files */ = {
			isa = PBXGroup;
			children = (
				856CACBA136711FC00F14532 /* HelloWorld2-Info.plist */,
				856CACBB136711FC00F14532 /* InfoPlist.strings */,
				856CACBE136711FC00F14532 /* HelloWorld2-Prefix.pch */,
				856CACBF136711FC00F14532 /* main.m */,
			);
			name = "Supporting Files";
			sourceTree = "<group>";
		};
/* End PBXGroup section */

/* Begin PBXNativeTarget section */
		856CACAD136711FC00F14532 /* HelloWorld2 */ = {
			isa = PBXNativeTarget;
			buildConfigurationList = 856CACCF136711FD00F14532 /* Build configuration list for PBXNativeTarget "HelloWorld2" */;
			buildPhases = (
				856CACAA136711FC00F14532 /* Sources */,
				856CACAB136711FC00F14532 /* Frameworks */,
				856CACAC136711FC00F14532 /* Resources */,
			);
			buildRules = (
			);
			dependencies = (
			);
			name = HelloWorld2;
			productName = HelloWorld2;
			productReference = 856CACAE136711FC00F14532 /* HelloWorld2.app */;
			productType = "com.apple.product-type.application";
		};
/* End PBXNativeTarget section */

/* Begin PBXProject section */
		856CACA5136711FC00F14532 /* Project object */ = {
			isa = PBXProject;
			buildConfigurationList = 856CACA8136711FC00F14532 /* Build configuration list for PBXProject "HelloWorld2" */;
			compatibilityVersion = "Xcode 3.2";
			developmentRegion = English;
			hasScannedForEncodings = 0;
			knownRegions = (
				en,
			);
			mainGroup = 856CACA3136711FC00F14532;
			productRefGroup = 856CACAF136711FC00F14532 /* Products */;
			projectDirPath = "";
			projectRoot = "";
			targets = (
				856CACAD136711FC00F14532 /* HelloWorld2 */,
			);
		};
/* End PBXProject section */

/* Begin PBXResourcesBuildPhase section */
		856CACAC136711FC00F14532 /* Resources */ = {
			isa = PBXResourcesBuildPhase;
			buildActionMask = 2147483647;
			files = (
				856CACBD136711FC00F14532 /* InfoPlist.strings in Resources */,
				856CACC6136711FD00F14532 /* MainWindow.xib in Resources */,
				856CACCC136711FD00F14532 /* HelloWorld2ViewController.xib in Resources */,
			);
			runOnlyForDeploymentPostprocessing = 0;
		};
/* End PBXResourcesBuildPhase section */

/* Begin PBXSourcesBuildPhase section */
		856CACAA136711FC00F14532 /* Sources */ = {
			isa = PBXSourcesBuildPhase;
			buildActionMask = 2147483647;
			files = (
				856CACC0136711FC00F14532 /* main.m in Sources */,
				856CACC3136711FC00F14532 /* HelloWorld2AppDelegate.m in Sources */,
				856CACC9136711FD00F14532 /* HelloWorld2ViewController.m in Sources */,
			);
			runOnlyForDeploymentPostprocessing = 0;
		};
/* End PBXSourcesBuildPhase section */

/* Begin PBXVariantGroup section */
		856CACBB136711FC00F14532 /* InfoPlist.strings */ = {
			isa = PBXVariantGroup;
			children = (
				856CACBC136711FC00F14532 /* en */,
			);
			name = InfoPlist.strings;
			sourceTree = "<group>";
		};
		856CACC4136711FD00F14532 /* MainWindow.xib */ = {
			isa = PBXVariantGroup;
			children = (
				856CACC5136711FD00F14532 /* en */,
			);
			name = MainWindow.xib;
			sourceTree = "<group>";
		};
		856CACCA136711FD00F14532 /* HelloWorld2ViewController.xib */ = {
			isa = PBXVariantGroup;
			children = (
				856CACCB136711FD00F14532 /* en */,
			);
			name = HelloWorld2ViewController.xib;
			sourceTree = "<group>";
		};
/* End PBXVariantGroup section */

/* Begin XCBuildConfiguration section */
		856CACCD136711FD00F14532 /* Debug */ = {
			isa = XCBuildConfiguration;
			buildSettings = {
				ARCHS = "$(ARCHS_STANDARD_32_BIT)";
				"CODE_SIGN_IDENTITY[sdk=iphoneos*]" = "iPhone Developer";
				GCC_C_LANGUAGE_STANDARD = gnu99;
				GCC_OPTIMIZATION_LEVEL = 0;
				GCC_PREPROCESSOR_DEFINITIONS = DEBUG;
				GCC_SYMBOLS_PRIVATE_EXTERN = NO;
				GCC_VERSION = com.apple.compilers.llvmgcc42;
				GCC_WARN_ABOUT_RETURN_TYPE = YES;
				GCC_WARN_UNUSED_VARIABLE = YES;
				IPHONEOS_DEPLOYMENT_TARGET = 4.3;
				SDKROOT = iphoneos;
			};
			name = Debug;
		};
		856CACCE136711FD00F14532 /* Release */ = {
			isa = XCBuildConfiguration;
			buildSettings = {
				ARCHS = "$(ARCHS_STANDARD_32_BIT)";
				"CODE_SIGN_IDENTITY[sdk=iphoneos*]" = "iPhone Developer";
				GCC_C_LANGUAGE_STANDARD = gnu99;
				GCC_VERSION = com.apple.compilers.llvmgcc42;
				GCC_WARN_ABOUT_RETURN_TYPE = YES;
				GCC_WARN_UNUSED_VARIABLE = YES;
				IPHONEOS_DEPLOYMENT_TARGET = 4.3;
				OTHER_CFLAGS = "-DNS_BLOCK_ASSERTIONS=1";
				SDKROOT = iphoneos;
			};
			name = Release;
		};
		856CACD0136711FD00F14532 /* Debug */ = {
			isa = XCBuildConfiguration;
			buildSettings = {
				ALWAYS_SEARCH_USER_PATHS = NO;
				COPY_PHASE_STRIP = NO;
				GCC_DYNAMIC_NO_PIC = NO;
				GCC_PRECOMPILE_PREFIX_HEADER = YES;
				GCC_PREFIX_HEADER = "HelloWorld2/HelloWorld2-Prefix.pch";
				INFOPLIST_FILE = "HelloWorld2/HelloWorld2-Info.plist";
				PRODUCT_NAME = "$(TARGET_NAME)";
				WRAPPER_EXTENSION = app;
			};
			name = Debug;
		};
		856CACD1136711FD00F14532 /* Release */ = {
			isa = XCBuildConfiguration;
			buildSettings = {
				ALWAYS_SEARCH_USER_PATHS = NO;
				COPY_PHASE_STRIP = YES;
				GCC_PRECOMPILE_PREFIX_HEADER = YES;
				GCC_PREFIX_HEADER = "HelloWorld2/HelloWorld2-Prefix.pch";
				INFOPLIST_FILE = "HelloWorld2/HelloWorld2-Info.plist";
				PRODUCT_NAME = "$(TARGET_NAME)";
				VALIDATE_PRODUCT = YES;
				WRAPPER_EXTENSION = app;
			};
			name = Release;
		};
/* End XCBuildConfiguration section */

/* Begin XCConfigurationList section */
		856CACA8136711FC00F14532 /* Build configuration list for PBXProject "HelloWorld2" */ = {
			isa = XCConfigurationList;
			buildConfigurations = (
				856CACCD136711FD00F14532 /* Debug */,
				856CACCE136711FD00F14532 /* Release */,
			);
			defaultConfigurationIsVisible = 0;
			defaultConfigurationName = Release;
		};
		856CACCF136711FD00F14532 /* Build configuration list for PBXNativeTarget "HelloWorld2" */ = {
			isa = XCConfigurationList;
			buildConfigurations = (
				856CACD0136711FD00F14532 /* Debug */,
				856CACD1136711FD00F14532 /* Release */,
			);
			defaultConfigurationIsVisible = 0;
		};
/* End XCConfigurationList section */
	};
	rootObject = 856CACA5136711FC00F14532 /* Project object */;
}
