// !$*UTF8*$!
{
	archiveVersion = 1;
	classes = {
	};
	objectVersion = 46;
	objects = {

/* Begin PBXBuildFile section */
		8579BC8713671143003F4543 /* UIKit.framework in Frameworks */ = {isa = PBXBuildFile; fileRef = 8579BC8613671143003F4543 /* UIKit.framework */; };
		8579BC8913671143003F4543 /* Foundation.framework in Frameworks */ = {isa = PBXBuildFile; fileRef = 8579BC8813671143003F4543 /* Foundation.framework */; };
		8579BC8B13671143003F4543 /* CoreGraphics.framework in Frameworks */ = {isa = PBXBuildFile; fileRef = 8579BC8A13671143003F4543 /* CoreGraphics.framework */; };
		8579BC9113671144003F4543 /* InfoPlist.strings in Resources */ = {isa = PBXBuildFile; fileRef = 8579BC8F13671144003F4543 /* InfoPlist.strings */; };
		8579BC9413671144003F4543 /* main.m in Sources */ = {isa = PBXBuildFile; fileRef = 8579BC9313671144003F4543 /* main.m */; };
		8579BC9713671144003F4543 /* HelloWorld1AppDelegate.m in Sources */ = {isa = PBXBuildFile; fileRef = 8579BC9613671144003F4543 /* HelloWorld1AppDelegate.m */; };
		8579BC9A13671144003F4543 /* MainWindow.xib in Resources */ = {isa = PBXBuildFile; fileRef = 8579BC9813671144003F4543 /* MainWindow.xib */; };
		8579BC9D13671144003F4543 /* HelloWorld1ViewController.m in Sources */ = {isa = PBXBuildFile; fileRef = 8579BC9C13671144003F4543 /* HelloWorld1ViewController.m */; };
		8579BCA013671144003F4543 /* HelloWorld1ViewController.xib in Resources */ = {isa = PBXBuildFile; fileRef = 8579BC9E13671144003F4543 /* HelloWorld1ViewController.xib */; };
/* End PBXBuildFile section */

/* Begin PBXFileReference section */
		8579BC8213671143003F4543 /* HelloWorld1.app */ = {isa = PBXFileReference; explicitFileType = wrapper.application; includeInIndex = 0; path = HelloWorld1.app; sourceTree = BUILT_PRODUCTS_DIR; };
		8579BC8613671143003F4543 /* UIKit.framework */ = {isa = PBXFileReference; lastKnownFileType = wrapper.framework; name = UIKit.framework; path = System/Library/Frameworks/UIKit.framework; sourceTree = SDKROOT; };
		8579BC8813671143003F4543 /* Foundation.framework */ = {isa = PBXFileReference; lastKnownFileType = wrapper.framework; name = Foundation.framework; path = System/Library/Frameworks/Foundation.framework; sourceTree = SDKROOT; };
		8579BC8A13671143003F4543 /* CoreGraphics.framework */ = {isa = PBXFileReference; lastKnownFileType = wrapper.framework; name = CoreGraphics.framework; path = System/Library/Frameworks/CoreGraphics.framework; sourceTree = SDKROOT; };
		8579BC8E13671144003F4543 /* HelloWorld1-Info.plist */ = {isa = PBXFileReference; lastKnownFileType = text.plist.xml; path = "HelloWorld1-Info.plist"; sourceTree = "<group>"; };
		8579BC9013671144003F4543 /* en */ = {isa = PBXFileReference; lastKnownFileType = text.plist.strings; name = en; path = en.lproj/InfoPlist.strings; sourceTree = "<group>"; };
		8579BC9213671144003F4543 /* HelloWorld1-Prefix.pch */ = {isa = PBXFileReference; lastKnownFileType = sourcecode.c.h; path = "HelloWorld1-Prefix.pch"; sourceTree = "<group>"; };
		8579BC9313671144003F4543 /* main.m */ = {isa = PBXFileReference; lastKnownFileType = sourcecode.c.objc; path = main.m; sourceTree = "<group>"; };
		8579BC9513671144003F4543 /* HelloWorld1AppDelegate.h */ = {isa = PBXFileReference; lastKnownFileType = sourcecode.c.h; path = HelloWorld1AppDelegate.h; sourceTree = "<group>"; };
		8579BC9613671144003F4543 /* HelloWorld1AppDelegate.m */ = {isa = PBXFileReference; lastKnownFileType = sourcecode.c.objc; path = HelloWorld1AppDelegate.m; sourceTree = "<group>"; };
		8579BC9913671144003F4543 /* en */ = {isa = PBXFileReference; lastKnownFileType = file.xib; name = en; path = en.lproj/MainWindow.xib; sourceTree = "<group>"; };
		8579BC9B13671144003F4543 /* HelloWorld1ViewController.h */ = {isa = PBXFileReference; lastKnownFileType = sourcecode.c.h; path = HelloWorld1ViewController.h; sourceTree = "<group>"; };
		8579BC9C13671144003F4543 /* HelloWorld1ViewController.m */ = {isa = PBXFileReference; lastKnownFileType = sourcecode.c.objc; path = HelloWorld1ViewController.m; sourceTree = "<group>"; };
		8579BC9F13671144003F4543 /* en */ = {isa = PBXFileReference; lastKnownFileType = file.xib; name = en; path = en.lproj/HelloWorld1ViewController.xib; sourceTree = "<group>"; };
/* End PBXFileReference section */

/* Begin PBXFrameworksBuildPhase section */
		8579BC7F13671143003F4543 /* Frameworks */ = {
			isa = PBXFrameworksBuildPhase;
			buildActionMask = 2147483647;
			files = (
				8579BC8713671143003F4543 /* UIKit.framework in Frameworks */,
				8579BC8913671143003F4543 /* Foundation.framework in Frameworks */,
				8579BC8B13671143003F4543 /* CoreGraphics.framework in Frameworks */,
			);
			runOnlyForDeploymentPostprocessing = 0;
		};
/* End PBXFrameworksBuildPhase section */

/* Begin PBXGroup section */
		8579BC7713671143003F4543 = {
			isa = PBXGroup;
			children = (
				8579BC8C13671143003F4543 /* HelloWorld1 */,
				8579BC8513671143003F4543 /* Frameworks */,
				8579BC8313671143003F4543 /* Products */,
			);
			sourceTree = "<group>";
		};
		8579BC8313671143003F4543 /* Products */ = {
			isa = PBXGroup;
			children = (
				8579BC8213671143003F4543 /* HelloWorld1.app */,
			);
			name = Products;
			sourceTree = "<group>";
		};
		8579BC8513671143003F4543 /* Frameworks */ = {
			isa = PBXGroup;
			children = (
				8579BC8613671143003F4543 /* UIKit.framework */,
				8579BC8813671143003F4543 /* Foundation.framework */,
				8579BC8A13671143003F4543 /* CoreGraphics.framework */,
			);
			name = Frameworks;
			sourceTree = "<group>";
		};
		8579BC8C13671143003F4543 /* HelloWorld1 */ = {
			isa = PBXGroup;
			children = (
				8579BC9513671144003F4543 /* HelloWorld1AppDelegate.h */,
				8579BC9613671144003F4543 /* HelloWorld1AppDelegate.m */,
				8579BC9813671144003F4543 /* MainWindow.xib */,
				8579BC9B13671144003F4543 /* HelloWorld1ViewController.h */,
				8579BC9C13671144003F4543 /* HelloWorld1ViewController.m */,
				8579BC9E13671144003F4543 /* HelloWorld1ViewController.xib */,
				8579BC8D13671144003F4543 /* Supporting Files */,
			);
			path = HelloWorld1;
			sourceTree = "<group>";
		};
		8579BC8D13671144003F4543 /* Supporting Files */ = {
			isa = PBXGroup;
			children = (
				8579BC8E13671144003F4543 /* HelloWorld1-Info.plist */,
				8579BC8F13671144003F4543 /* InfoPlist.strings */,
				8579BC9213671144003F4543 /* HelloWorld1-Prefix.pch */,
				8579BC9313671144003F4543 /* main.m */,
			);
			name = "Supporting Files";
			sourceTree = "<group>";
		};
/* End PBXGroup section */

/* Begin PBXNativeTarget section */
		8579BC8113671143003F4543 /* HelloWorld1 */ = {
			isa = PBXNativeTarget;
			buildConfigurationList = 8579BCA313671144003F4543 /* Build configuration list for PBXNativeTarget "HelloWorld1" */;
			buildPhases = (
				8579BC7E13671143003F4543 /* Sources */,
				8579BC7F13671143003F4543 /* Frameworks */,
				8579BC8013671143003F4543 /* Resources */,
			);
			buildRules = (
			);
			dependencies = (
			);
			name = HelloWorld1;
			productName = HelloWorld1;
			productReference = 8579BC8213671143003F4543 /* HelloWorld1.app */;
			productType = "com.apple.product-type.application";
		};
/* End PBXNativeTarget section */

/* Begin PBXProject section */
		8579BC7913671143003F4543 /* Project object */ = {
			isa = PBXProject;
			buildConfigurationList = 8579BC7C13671143003F4543 /* Build configuration list for PBXProject "HelloWorld1" */;
			compatibilityVersion = "Xcode 3.2";
			developmentRegion = English;
			hasScannedForEncodings = 0;
			knownRegions = (
				en,
			);
			mainGroup = 8579BC7713671143003F4543;
			productRefGroup = 8579BC8313671143003F4543 /* Products */;
			projectDirPath = "";
			projectRoot = "";
			targets = (
				8579BC8113671143003F4543 /* HelloWorld1 */,
			);
		};
/* End PBXProject section */

/* Begin PBXResourcesBuildPhase section */
		8579BC8013671143003F4543 /* Resources */ = {
			isa = PBXResourcesBuildPhase;
			buildActionMask = 2147483647;
			files = (
				8579BC9113671144003F4543 /* InfoPlist.strings in Resources */,
				8579BC9A13671144003F4543 /* MainWindow.xib in Resources */,
				8579BCA013671144003F4543 /* HelloWorld1ViewController.xib in Resources */,
			);
			runOnlyForDeploymentPostprocessing = 0;
		};
/* End PBXResourcesBuildPhase section */

/* Begin PBXSourcesBuildPhase section */
		8579BC7E13671143003F4543 /* Sources */ = {
			isa = PBXSourcesBuildPhase;
			buildActionMask = 2147483647;
			files = (
				8579BC9413671144003F4543 /* main.m in Sources */,
				8579BC9713671144003F4543 /* HelloWorld1AppDelegate.m in Sources */,
				8579BC9D13671144003F4543 /* HelloWorld1ViewController.m in Sources */,
			);
			runOnlyForDeploymentPostprocessing = 0;
		};
/* End PBXSourcesBuildPhase section */

/* Begin PBXVariantGroup section */
		8579BC8F13671144003F4543 /* InfoPlist.strings */ = {
			isa = PBXVariantGroup;
			children = (
				8579BC9013671144003F4543 /* en */,
			);
			name = InfoPlist.strings;
			sourceTree = "<group>";
		};
		8579BC9813671144003F4543 /* MainWindow.xib */ = {
			isa = PBXVariantGroup;
			children = (
				8579BC9913671144003F4543 /* en */,
			);
			name = MainWindow.xib;
			sourceTree = "<group>";
		};
		8579BC9E13671144003F4543 /* HelloWorld1ViewController.xib */ = {
			isa = PBXVariantGroup;
			children = (
				8579BC9F13671144003F4543 /* en */,
			);
			name = HelloWorld1ViewController.xib;
			sourceTree = "<group>";
		};
/* End PBXVariantGroup section */

/* Begin XCBuildConfiguration section */
		8579BCA113671144003F4543 /* Debug */ = {
			isa = XCBuildConfiguration;
			buildSettings = {
				ARCHS = "$(ARCHS_STANDARD_32_BIT)";
				"CODE_SIGN_IDENTITY[sdk=iphoneos*]" = "iPhone Developer";
				GCC_C_LANGUAGE_STANDARD = gnu99;
				GCC_OPTIMIZATION_LEVEL = 0;
				GCC_PREPROCESSOR_DEFINITIONS = DEBUG;
				GCC_SYMBOLS_PRIVATE_EXTERN = NO;
				GCC_VERSION = com.apple.compilers.llvmgcc42;
				GCC_WARN_ABOUT_RETURN_TYPE = YES;
				GCC_WARN_UNUSED_VARIABLE = YES;
				IPHONEOS_DEPLOYMENT_TARGET = 4.3;
				SDKROOT = iphoneos;
			};
			name = Debug;
		};
		8579BCA213671144003F4543 /* Release */ = {
			isa = XCBuildConfiguration;
			buildSettings = {
				ARCHS = "$(ARCHS_STANDARD_32_BIT)";
				"CODE_SIGN_IDENTITY[sdk=iphoneos*]" = "iPhone Developer";
				GCC_C_LANGUAGE_STANDARD = gnu99;
				GCC_VERSION = com.apple.compilers.llvmgcc42;
				GCC_WARN_ABOUT_RETURN_TYPE = YES;
				GCC_WARN_UNUSED_VARIABLE = YES;
				IPHONEOS_DEPLOYMENT_TARGET = 4.3;
				OTHER_CFLAGS = "-DNS_BLOCK_ASSERTIONS=1";
				SDKROOT = iphoneos;
			};
			name = Release;
		};
		8579BCA413671144003F4543 /* Debug */ = {
			isa = XCBuildConfiguration;
			buildSettings = {
				ALWAYS_SEARCH_USER_PATHS = NO;
				COPY_PHASE_STRIP = NO;
				GCC_DYNAMIC_NO_PIC = NO;
				GCC_PRECOMPILE_PREFIX_HEADER = YES;
				GCC_PREFIX_HEADER = "HelloWorld1/HelloWorld1-Prefix.pch";
				INFOPLIST_FILE = "HelloWorld1/HelloWorld1-Info.plist";
				PRODUCT_NAME = "$(TARGET_NAME)";
				WRAPPER_EXTENSION = app;
			};
			name = Debug;
		};
		8579BCA513671144003F4543 /* Release */ = {
			isa = XCBuildConfiguration;
			buildSettings = {
				ALWAYS_SEARCH_USER_PATHS = NO;
				COPY_PHASE_STRIP = YES;
				GCC_PRECOMPILE_PREFIX_HEADER = YES;
				GCC_PREFIX_HEADER = "HelloWorld1/HelloWorld1-Prefix.pch";
				INFOPLIST_FILE = "HelloWorld1/HelloWorld1-Info.plist";
				PRODUCT_NAME = "$(TARGET_NAME)";
				VALIDATE_PRODUCT = YES;
				WRAPPER_EXTENSION = app;
			};
			name = Release;
		};
/* End XCBuildConfiguration section */

/* Begin XCConfigurationList section */
		8579BC7C13671143003F4543 /* Build configuration list for PBXProject "HelloWorld1" */ = {
			isa = XCConfigurationList;
			buildConfigurations = (
				8579BCA113671144003F4543 /* Debug */,
				8579BCA213671144003F4543 /* Release */,
			);
			defaultConfigurationIsVisible = 0;
			defaultConfigurationName = Release;
		};
		8579BCA313671144003F4543 /* Build configuration list for PBXNativeTarget "HelloWorld1" */ = {
			isa = XCConfigurationList;
			buildConfigurations = (
				8579BCA413671144003F4543 /* Debug */,
				8579BCA513671144003F4543 /* Release */,
			);
			defaultConfigurationIsVisible = 0;
		};
/* End XCConfigurationList section */
	};
	rootObject = 8579BC7913671143003F4543 /* Project object */;
}
