// !$*UTF8*$!
{
	archiveVersion = 1;
	classes = {
	};
	objectVersion = 46;
	objects = {

/* Begin PBXBuildFile section */
		85759C561367136300E954FC /* UIKit.framework in Frameworks */ = {isa = PBXBuildFile; fileRef = 85759C551367136300E954FC /* UIKit.framework */; };
		85759C581367136300E954FC /* Foundation.framework in Frameworks */ = {isa = PBXBuildFile; fileRef = 85759C571367136300E954FC /* Foundation.framework */; };
		85759C5A1367136300E954FC /* CoreGraphics.framework in Frameworks */ = {isa = PBXBuildFile; fileRef = 85759C591367136300E954FC /* CoreGraphics.framework */; };
		85759C601367136300E954FC /* InfoPlist.strings in Resources */ = {isa = PBXBuildFile; fileRef = 85759C5E1367136300E954FC /* InfoPlist.strings */; };
		85759C631367136300E954FC /* main.m in Sources */ = {isa = PBXBuildFile; fileRef = 85759C621367136300E954FC /* main.m */; };
		85759C661367136300E954FC /* HelloWorld3AppDelegate.m in Sources */ = {isa = PBXBuildFile; fileRef = 85759C651367136300E954FC /* HelloWorld3AppDelegate.m */; };
		85759C691367136300E954FC /* MainWindow.xib in Resources */ = {isa = PBXBuildFile; fileRef = 85759C671367136300E954FC /* MainWindow.xib */; };
		85759C6C1367136300E954FC /* HelloWorld3ViewController.m in Sources */ = {isa = PBXBuildFile; fileRef = 85759C6B1367136300E954FC /* HelloWorld3ViewController.m */; };
		85759C6F1367136300E954FC /* HelloWorld3ViewController.xib in Resources */ = {isa = PBXBuildFile; fileRef = 85759C6D1367136300E954FC /* HelloWorld3ViewController.xib */; };
/* End PBXBuildFile section */

/* Begin PBXFileReference section */
		85759C511367136300E954FC /* HelloWorld3.app */ = {isa = PBXFileReference; explicitFileType = wrapper.application; includeInIndex = 0; path = HelloWorld3.app; sourceTree = BUILT_PRODUCTS_DIR; };
		85759C551367136300E954FC /* UIKit.framework */ = {isa = PBXFileReference; lastKnownFileType = wrapper.framework; name = UIKit.framework; path = System/Library/Frameworks/UIKit.framework; sourceTree = SDKROOT; };
		85759C571367136300E954FC /* Foundation.framework */ = {isa = PBXFileReference; lastKnownFileType = wrapper.framework; name = Foundation.framework; path = System/Library/Frameworks/Foundation.framework; sourceTree = SDKROOT; };
		85759C591367136300E954FC /* CoreGraphics.framework */ = {isa = PBXFileReference; lastKnownFileType = wrapper.framework; name = CoreGraphics.framework; path = System/Library/Frameworks/CoreGraphics.framework; sourceTree = SDKROOT; };
		85759C5D1367136300E954FC /* HelloWorld3-Info.plist */ = {isa = PBXFileReference; lastKnownFileType = text.plist.xml; path = "HelloWorld3-Info.plist"; sourceTree = "<group>"; };
		85759C5F1367136300E954FC /* en */ = {isa = PBXFileReference; lastKnownFileType = text.plist.strings; name = en; path = en.lproj/InfoPlist.strings; sourceTree = "<group>"; };
		85759C611367136300E954FC /* HelloWorld3-Prefix.pch */ = {isa = PBXFileReference; lastKnownFileType = sourcecode.c.h; path = "HelloWorld3-Prefix.pch"; sourceTree = "<group>"; };
		85759C621367136300E954FC /* main.m */ = {isa = PBXFileReference; lastKnownFileType = sourcecode.c.objc; path = main.m; sourceTree = "<group>"; };
		85759C641367136300E954FC /* HelloWorld3AppDelegate.h */ = {isa = PBXFileReference; lastKnownFileType = sourcecode.c.h; path = HelloWorld3AppDelegate.h; sourceTree = "<group>"; };
		85759C651367136300E954FC /* HelloWorld3AppDelegate.m */ = {isa = PBXFileReference; lastKnownFileType = sourcecode.c.objc; path = HelloWorld3AppDelegate.m; sourceTree = "<group>"; };
		85759C681367136300E954FC /* en */ = {isa = PBXFileReference; lastKnownFileType = file.xib; name = en; path = en.lproj/MainWindow.xib; sourceTree = "<group>"; };
		85759C6A1367136300E954FC /* HelloWorld3ViewController.h */ = {isa = PBXFileReference; lastKnownFileType = sourcecode.c.h; path = HelloWorld3ViewController.h; sourceTree = "<group>"; };
		85759C6B1367136300E954FC /* HelloWorld3ViewController.m */ = {isa = PBXFileReference; lastKnownFileType = sourcecode.c.objc; path = HelloWorld3ViewController.m; sourceTree = "<group>"; };
		85759C6E1367136300E954FC /* en */ = {isa = PBXFileReference; lastKnownFileType = file.xib; name = en; path = en.lproj/HelloWorld3ViewController.xib; sourceTree = "<group>"; };
/* End PBXFileReference section */

/* Begin PBXFrameworksBuildPhase section */
		85759C4E1367136300E954FC /* Frameworks */ = {
			isa = PBXFrameworksBuildPhase;
			buildActionMask = 2147483647;
			files = (
				85759C561367136300E954FC /* UIKit.framework in Frameworks */,
				85759C581367136300E954FC /* Foundation.framework in Frameworks */,
				85759C5A1367136300E954FC /* CoreGraphics.framework in Frameworks */,
			);
			runOnlyForDeploymentPostprocessing = 0;
		};
/* End PBXFrameworksBuildPhase section */

/* Begin PBXGroup section */
		85759C461367136300E954FC = {
			isa = PBXGroup;
			children = (
				85759C5B1367136300E954FC /* HelloWorld3 */,
				85759C541367136300E954FC /* Frameworks */,
				85759C521367136300E954FC /* Products */,
			);
			sourceTree = "<group>";
		};
		85759C521367136300E954FC /* Products */ = {
			isa = PBXGroup;
			children = (
				85759C511367136300E954FC /* HelloWorld3.app */,
			);
			name = Products;
			sourceTree = "<group>";
		};
		85759C541367136300E954FC /* Frameworks */ = {
			isa = PBXGroup;
			children = (
				85759C551367136300E954FC /* UIKit.framework */,
				85759C571367136300E954FC /* Foundation.framework */,
				85759C591367136300E954FC /* CoreGraphics.framework */,
			);
			name = Frameworks;
			sourceTree = "<group>";
		};
		85759C5B1367136300E954FC /* HelloWorld3 */ = {
			isa = PBXGroup;
			children = (
				85759C641367136300E954FC /* HelloWorld3AppDelegate.h */,
				85759C651367136300E954FC /* HelloWorld3AppDelegate.m */,
				85759C671367136300E954FC /* MainWindow.xib */,
				85759C6A1367136300E954FC /* HelloWorld3ViewController.h */,
				85759C6B1367136300E954FC /* HelloWorld3ViewController.m */,
				85759C6D1367136300E954FC /* HelloWorld3ViewController.xib */,
				85759C5C1367136300E954FC /* Supporting Files */,
			);
			path = HelloWorld3;
			sourceTree = "<group>";
		};
		85759C5C1367136300E954FC /* Supporting Files */ = {
			isa = PBXGroup;
			children = (
				85759C5D1367136300E954FC /* HelloWorld3-Info.plist */,
				85759C5E1367136300E954FC /* InfoPlist.strings */,
				85759C611367136300E954FC /* HelloWorld3-Prefix.pch */,
				85759C621367136300E954FC /* main.m */,
			);
			name = "Supporting Files";
			sourceTree = "<group>";
		};
/* End PBXGroup section */

/* Begin PBXNativeTarget section */
		85759C501367136300E954FC /* HelloWorld3 */ = {
			isa = PBXNativeTarget;
			buildConfigurationList = 85759C721367136300E954FC /* Build configuration list for PBXNativeTarget "HelloWorld3" */;
			buildPhases = (
				85759C4D1367136300E954FC /* Sources */,
				85759C4E1367136300E954FC /* Frameworks */,
				85759C4F1367136300E954FC /* Resources */,
			);
			buildRules = (
			);
			dependencies = (
			);
			name = HelloWorld3;
			productName = HelloWorld3;
			productReference = 85759C511367136300E954FC /* HelloWorld3.app */;
			productType = "com.apple.product-type.application";
		};
/* End PBXNativeTarget section */

/* Begin PBXProject section */
		85759C481367136300E954FC /* Project object */ = {
			isa = PBXProject;
			buildConfigurationList = 85759C4B1367136300E954FC /* Build configuration list for PBXProject "HelloWorld3" */;
			compatibilityVersion = "Xcode 3.2";
			developmentRegion = English;
			hasScannedForEncodings = 0;
			knownRegions = (
				en,
			);
			mainGroup = 85759C461367136300E954FC;
			productRefGroup = 85759C521367136300E954FC /* Products */;
			projectDirPath = "";
			projectRoot = "";
			targets = (
				85759C501367136300E954FC /* HelloWorld3 */,
			);
		};
/* End PBXProject section */

/* Begin PBXResourcesBuildPhase section */
		85759C4F1367136300E954FC /* Resources */ = {
			isa = PBXResourcesBuildPhase;
			buildActionMask = 2147483647;
			files = (
				85759C601367136300E954FC /* InfoPlist.strings in Resources */,
				85759C691367136300E954FC /* MainWindow.xib in Resources */,
				85759C6F1367136300E954FC /* HelloWorld3ViewController.xib in Resources */,
			);
			runOnlyForDeploymentPostprocessing = 0;
		};
/* End PBXResourcesBuildPhase section */

/* Begin PBXSourcesBuildPhase section */
		85759C4D1367136300E954FC /* Sources */ = {
			isa = PBXSourcesBuildPhase;
			buildActionMask = 2147483647;
			files = (
				85759C631367136300E954FC /* main.m in Sources */,
				85759C661367136300E954FC /* HelloWorld3AppDelegate.m in Sources */,
				85759C6C1367136300E954FC /* HelloWorld3ViewController.m in Sources */,
			);
			runOnlyForDeploymentPostprocessing = 0;
		};
/* End PBXSourcesBuildPhase section */

/* Begin PBXVariantGroup section */
		85759C5E1367136300E954FC /* InfoPlist.strings */ = {
			isa = PBXVariantGroup;
			children = (
				85759C5F1367136300E954FC /* en */,
			);
			name = InfoPlist.strings;
			sourceTree = "<group>";
		};
		85759C671367136300E954FC /* MainWindow.xib */ = {
			isa = PBXVariantGroup;
			children = (
				85759C681367136300E954FC /* en */,
			);
			name = MainWindow.xib;
			sourceTree = "<group>";
		};
		85759C6D1367136300E954FC /* HelloWorld3ViewController.xib */ = {
			isa = PBXVariantGroup;
			children = (
				85759C6E1367136300E954FC /* en */,
			);
			name = HelloWorld3ViewController.xib;
			sourceTree = "<group>";
		};
/* End PBXVariantGroup section */

/* Begin XCBuildConfiguration section */
		85759C701367136300E954FC /* Debug */ = {
			isa = XCBuildConfiguration;
			buildSettings = {
				ARCHS = "$(ARCHS_STANDARD_32_BIT)";
				"CODE_SIGN_IDENTITY[sdk=iphoneos*]" = "iPhone Developer";
				GCC_C_LANGUAGE_STANDARD = gnu99;
				GCC_OPTIMIZATION_LEVEL = 0;
				GCC_PREPROCESSOR_DEFINITIONS = DEBUG;
				GCC_SYMBOLS_PRIVATE_EXTERN = NO;
				GCC_VERSION = com.apple.compilers.llvmgcc42;
				GCC_WARN_ABOUT_RETURN_TYPE = YES;
				GCC_WARN_UNUSED_VARIABLE = YES;
				IPHONEOS_DEPLOYMENT_TARGET = 4.3;
				SDKROOT = iphoneos;
			};
			name = Debug;
		};
		85759C711367136300E954FC /* Release */ = {
			isa = XCBuildConfiguration;
			buildSettings = {
				ARCHS = "$(ARCHS_STANDARD_32_BIT)";
				"CODE_SIGN_IDENTITY[sdk=iphoneos*]" = "iPhone Developer";
				GCC_C_LANGUAGE_STANDARD = gnu99;
				GCC_VERSION = com.apple.compilers.llvmgcc42;
				GCC_WARN_ABOUT_RETURN_TYPE = YES;
				GCC_WARN_UNUSED_VARIABLE = YES;
				IPHONEOS_DEPLOYMENT_TARGET = 4.3;
				OTHER_CFLAGS = "-DNS_BLOCK_ASSERTIONS=1";
				SDKROOT = iphoneos;
			};
			name = Release;
		};
		85759C731367136300E954FC /* Debug */ = {
			isa = XCBuildConfiguration;
			buildSettings = {
				ALWAYS_SEARCH_USER_PATHS = NO;
				COPY_PHASE_STRIP = NO;
				GCC_DYNAMIC_NO_PIC = NO;
				GCC_PRECOMPILE_PREFIX_HEADER = YES;
				GCC_PREFIX_HEADER = "HelloWorld3/HelloWorld3-Prefix.pch";
				INFOPLIST_FILE = "HelloWorld3/HelloWorld3-Info.plist";
				PRODUCT_NAME = "$(TARGET_NAME)";
				WRAPPER_EXTENSION = app;
			};
			name = Debug;
		};
		85759C741367136300E954FC /* Release */ = {
			isa = XCBuildConfiguration;
			buildSettings = {
				ALWAYS_SEARCH_USER_PATHS = NO;
				COPY_PHASE_STRIP = YES;
				GCC_PRECOMPILE_PREFIX_HEADER = YES;
				GCC_PREFIX_HEADER = "HelloWorld3/HelloWorld3-Prefix.pch";
				INFOPLIST_FILE = "HelloWorld3/HelloWorld3-Info.plist";
				PRODUCT_NAME = "$(TARGET_NAME)";
				VALIDATE_PRODUCT = YES;
				WRAPPER_EXTENSION = app;
			};
			name = Release;
		};
/* End XCBuildConfiguration section */

/* Begin XCConfigurationList section */
		85759C4B1367136300E954FC /* Build configuration list for PBXProject "HelloWorld3" */ = {
			isa = XCConfigurationList;
			buildConfigurations = (
				85759C701367136300E954FC /* Debug */,
				85759C711367136300E954FC /* Release */,
			);
			defaultConfigurationIsVisible = 0;
			defaultConfigurationName = Release;
		};
		85759C721367136300E954FC /* Build configuration list for PBXNativeTarget "HelloWorld3" */ = {
			isa = XCConfigurationList;
			buildConfigurations = (
				85759C731367136300E954FC /* Debug */,
				85759C741367136300E954FC /* Release */,
			);
			defaultConfigurationIsVisible = 0;
		};
/* End XCConfigurationList section */
	};
	rootObject = 85759C481367136300E954FC /* Project object */;
}
